
Microsoft Visual Studio Solution File, Format Version 12.00
# Visual Studio Version 17
VisualStudioVersion = 17.0.32014.148
MinimumVisualStudioVersion = 10.0.40219.1
Project("{8BC9CEB8-8B4A-11D0-8D11-00A0C91BC942}") = "C_Study", "C_Study\C_Study.vcxproj", "{6E6138AE-DEC8-439C-BFD9-FEE936A6BD1D}"
EndProject
Project("{8BC9CEB8-8B4A-11D0-8D11-00A0C91BC942}") = "test", "test\test.vcxproj", "{CCF0BCCD-3D27-4162-BF82-9F737E3E8887}"
EndProject
Global
	GlobalSection(SolutionConfigurationPlatforms) = preSolution
		Debug|x64 = Debug|x64
		Debug|x86 = Debug|x86
		Release|x64 = Release|x64
		Release|x86 = Release|x86
	EndGlobalSection
	GlobalSection(ProjectConfigurationPlatforms) = postSolution
		{6E6138AE-DEC8-439C-BFD9-FEE936A6BD1D}.Debug|x64.ActiveCfg = Debug|x64
		{6E6138AE-DEC8-439C-BFD9-FEE936A6BD1D}.Debug|x64.Build.0 = Debug|x64
		{6E6138AE-DEC8-439C-BFD9-FEE936A6BD1D}.Debug|x86.ActiveCfg = Debug|Win32
		{6E6138AE-DEC8-439C-BFD9-FEE936A6BD1D}.Debug|x86.Build.0 = Debug|Win32
		{6E6138AE-DEC8-439C-BFD9-FEE936A6BD1D}.Release|x64.ActiveCfg = Release|x64
		{6E6138AE-DEC8-439C-BFD9-FEE936A6BD1D}.Release|x64.Build.0 = Release|x64
		{6E6138AE-DEC8-439C-BFD9-FEE936A6BD1D}.Release|x86.ActiveCfg = Release|Win32
		{6E6138AE-DEC8-439C-BFD9-FEE936A6BD1D}.Release|x86.Build.0 = Release|Win32
		{CCF0BCCD-3D27-4162-BF82-9F737E3E8887}.Debug|x64.ActiveCfg = Debug|x64
		{CCF0BCCD-3D27-4162-BF82-9F737E3E8887}.Debug|x64.Build.0 = Debug|x64
		{CCF0BCCD-3D27-4162-BF82-9F737E3E8887}.Debug|x86.ActiveCfg = Debug|Win32
		{CCF0BCCD-3D27-4162-BF82-9F737E3E8887}.Debug|x86.Build.0 = Debug|Win32
		{CCF0BCCD-3D27-4162-BF82-9F737E3E8887}.Release|x64.ActiveCfg = Release|x64
		{CCF0BCCD-3D27-4162-BF82-9F737E3E8887}.Release|x64.Build.0 = Release|x64
		{CCF0BCCD-3D27-4162-BF82-9F737E3E8887}.Release|x86.ActiveCfg = Release|Win32
		{CCF0BCCD-3D27-4162-BF82-9F737E3E8887}.Release|x86.Build.0 = Release|Win32
	EndGlobalSection
	GlobalSection(SolutionProperties) = preSolution
		HideSolutionNode = FALSE
	EndGlobalSection
	GlobalSection(ExtensibilityGlobals) = postSolution
		SolutionGuid = {8E2EA520-F6AB-49BE-8F9F-E475913D849E}
	EndGlobalSection
EndGlobal
