
Microsoft Visual Studio Solution File, Format Version 12.00
# Visual Studio Version 17
VisualStudioVersion = 17.0.32014.148
MinimumVisualStudioVersion = 10.0.40219.1
Project("{8BC9CEB8-8B4A-11D0-8D11-00A0C91BC942}") = "DataType", "C_Study\C_Study.vcxproj", "{6E6138AE-DEC8-439C-BFD9-FEE936A6BD1D}"
EndProject
Project("{8BC9CEB8-8B4A-11D0-8D11-00A0C91BC942}") = "Pointer", "Pointer\Pointer.vcxproj", "{5E1F11A8-0EB1-4053-8098-31FEDBF79799}"
EndProject
Project("{8BC9CEB8-8B4A-11D0-8D11-00A0C91BC942}") = "Operator", "Operator\Operator.vcxproj", "{0CCD13E7-B3C9-4157-A034-5E446E3D7135}"
EndProject
Project("{8BC9CEB8-8B4A-11D0-8D11-00A0C91BC942}") = "MultyDimensionArray", "MultyDimensionArray\MultyDimensionArray.vcxproj", "{46347429-D6E1-40E8-B977-F8A2512C552F}"
EndProject
Global
	GlobalSection(SolutionConfigurationPlatforms) = preSolution
		Debug|x64 = Debug|x64
		Debug|x86 = Debug|x86
		Release|x64 = Release|x64
		Release|x86 = Release|x86
	EndGlobalSection
	GlobalSection(ProjectConfigurationPlatforms) = postSolution
		{6E6138AE-DEC8-439C-BFD9-FEE936A6BD1D}.Debug|x64.ActiveCfg = Debug|x64
		{6E6138AE-DEC8-439C-BFD9-FEE936A6BD1D}.Debug|x64.Build.0 = Debug|x64
		{6E6138AE-DEC8-439C-BFD9-FEE936A6BD1D}.Debug|x86.ActiveCfg = Debug|Win32
		{6E6138AE-DEC8-439C-BFD9-FEE936A6BD1D}.Debug|x86.Build.0 = Debug|Win32
		{6E6138AE-DEC8-439C-BFD9-FEE936A6BD1D}.Release|x64.ActiveCfg = Release|x64
		{6E6138AE-DEC8-439C-BFD9-FEE936A6BD1D}.Release|x64.Build.0 = Release|x64
		{6E6138AE-DEC8-439C-BFD9-FEE936A6BD1D}.Release|x86.ActiveCfg = Release|Win32
		{6E6138AE-DEC8-439C-BFD9-FEE936A6BD1D}.Release|x86.Build.0 = Release|Win32
		{5E1F11A8-0EB1-4053-8098-31FEDBF79799}.Debug|x64.ActiveCfg = Debug|x64
		{5E1F11A8-0EB1-4053-8098-31FEDBF79799}.Debug|x64.Build.0 = Debug|x64
		{5E1F11A8-0EB1-4053-8098-31FEDBF79799}.Debug|x86.ActiveCfg = Debug|Win32
		{5E1F11A8-0EB1-4053-8098-31FEDBF79799}.Debug|x86.Build.0 = Debug|Win32
		{5E1F11A8-0EB1-4053-8098-31FEDBF79799}.Release|x64.ActiveCfg = Release|x64
		{5E1F11A8-0EB1-4053-8098-31FEDBF79799}.Release|x64.Build.0 = Release|x64
		{5E1F11A8-0EB1-4053-8098-31FEDBF79799}.Release|x86.ActiveCfg = Release|Win32
		{5E1F11A8-0EB1-4053-8098-31FEDBF79799}.Release|x86.Build.0 = Release|Win32
		{0CCD13E7-B3C9-4157-A034-5E446E3D7135}.Debug|x64.ActiveCfg = Debug|x64
		{0CCD13E7-B3C9-4157-A034-5E446E3D7135}.Debug|x64.Build.0 = Debug|x64
		{0CCD13E7-B3C9-4157-A034-5E446E3D7135}.Debug|x86.ActiveCfg = Debug|Win32
		{0CCD13E7-B3C9-4157-A034-5E446E3D7135}.Debug|x86.Build.0 = Debug|Win32
		{0CCD13E7-B3C9-4157-A034-5E446E3D7135}.Release|x64.ActiveCfg = Release|x64
		{0CCD13E7-B3C9-4157-A034-5E446E3D7135}.Release|x64.Build.0 = Release|x64
		{0CCD13E7-B3C9-4157-A034-5E446E3D7135}.Release|x86.ActiveCfg = Release|Win32
		{0CCD13E7-B3C9-4157-A034-5E446E3D7135}.Release|x86.Build.0 = Release|Win32
		{46347429-D6E1-40E8-B977-F8A2512C552F}.Debug|x64.ActiveCfg = Debug|x64
		{46347429-D6E1-40E8-B977-F8A2512C552F}.Debug|x64.Build.0 = Debug|x64
		{46347429-D6E1-40E8-B977-F8A2512C552F}.Debug|x86.ActiveCfg = Debug|Win32
		{46347429-D6E1-40E8-B977-F8A2512C552F}.Debug|x86.Build.0 = Debug|Win32
		{46347429-D6E1-40E8-B977-F8A2512C552F}.Release|x64.ActiveCfg = Release|x64
		{46347429-D6E1-40E8-B977-F8A2512C552F}.Release|x64.Build.0 = Release|x64
		{46347429-D6E1-40E8-B977-F8A2512C552F}.Release|x86.ActiveCfg = Release|Win32
		{46347429-D6E1-40E8-B977-F8A2512C552F}.Release|x86.Build.0 = Release|Win32
	EndGlobalSection
	GlobalSection(SolutionProperties) = preSolution
		HideSolutionNode = FALSE
	EndGlobalSection
	GlobalSection(ExtensibilityGlobals) = postSolution
		SolutionGuid = {8E2EA520-F6AB-49BE-8F9F-E475913D849E}
	EndGlobalSection
EndGlobal
